
Microsoft Visual Studio Solution File, Format Version 12.00
# Visual Studio 15
VisualStudioVersion = 15.0.27428.2037
MinimumVisualStudioVersion = 10.0.40219.1
Project("{FAE04EC0-301F-11D3-BF4B-00C04F79EFBC}") = "MyFirstWebApp.Android", "MyFirstWebApp\MyFirstWebApp.Android\MyFirstWebApp.Android.csproj", "{B46A2421-4180-40A6-8E21-5FAA72F481D9}"
EndProject
Project("{FAE04EC0-301F-11D3-BF4B-00C04F79EFBC}") = "MyFirstWebApp.iOS", "MyFirstWebApp\MyFirstWebApp.iOS\MyFirstWebApp.iOS.csproj", "{A6AF4262-DE3B-44C4-914A-7927C887AA0B}"
EndProject
Project("{FAE04EC0-301F-11D3-BF4B-00C04F79EFBC}") = "MyFirstWebApp", "MyFirstWebApp\MyFirstWebApp\MyFirstWebApp.csproj", "{F8C52B22-3AC6-4E7E-8E2B-79481EE3BCAB}"
EndProject
Global
	GlobalSection(SolutionConfigurationPlatforms) = preSolution
		Ad-Hoc|Any CPU = Ad-Hoc|Any CPU
		Ad-Hoc|iPhone = Ad-Hoc|iPhone
		Ad-Hoc|iPhoneSimulator = Ad-Hoc|iPhoneSimulator
		AppStore|Any CPU = AppStore|Any CPU
		AppStore|iPhone = AppStore|iPhone
		AppStore|iPhoneSimulator = AppStore|iPhoneSimulator
		Debug|Any CPU = Debug|Any CPU
		Debug|iPhone = Debug|iPhone
		Debug|iPhoneSimulator = Debug|iPhoneSimulator
		Release|Any CPU = Release|Any CPU
		Release|iPhone = Release|iPhone
		Release|iPhoneSimulator = Release|iPhoneSimulator
	EndGlobalSection
	GlobalSection(ProjectConfigurationPlatforms) = postSolution
		{B46A2421-4180-40A6-8E21-5FAA72F481D9}.Ad-Hoc|Any CPU.ActiveCfg = Release|Any CPU
		{B46A2421-4180-40A6-8E21-5FAA72F481D9}.Ad-Hoc|Any CPU.Build.0 = Release|Any CPU
		{B46A2421-4180-40A6-8E21-5FAA72F481D9}.Ad-Hoc|Any CPU.Deploy.0 = Release|Any CPU
		{B46A2421-4180-40A6-8E21-5FAA72F481D9}.Ad-Hoc|iPhone.ActiveCfg = Release|Any CPU
		{B46A2421-4180-40A6-8E21-5FAA72F481D9}.Ad-Hoc|iPhone.Build.0 = Release|Any CPU
		{B46A2421-4180-40A6-8E21-5FAA72F481D9}.Ad-Hoc|iPhone.Deploy.0 = Release|Any CPU
		{B46A2421-4180-40A6-8E21-5FAA72F481D9}.Ad-Hoc|iPhoneSimulator.ActiveCfg = Release|Any CPU
		{B46A2421-4180-40A6-8E21-5FAA72F481D9}.Ad-Hoc|iPhoneSimulator.Build.0 = Release|Any CPU
		{B46A2421-4180-40A6-8E21-5FAA72F481D9}.Ad-Hoc|iPhoneSimulator.Deploy.0 = Release|Any CPU
		{B46A2421-4180-40A6-8E21-5FAA72F481D9}.AppStore|Any CPU.ActiveCfg = Release|Any CPU
		{B46A2421-4180-40A6-8E21-5FAA72F481D9}.AppStore|Any CPU.Build.0 = Release|Any CPU
		{B46A2421-4180-40A6-8E21-5FAA72F481D9}.AppStore|Any CPU.Deploy.0 = Release|Any CPU
		{B46A2421-4180-40A6-8E21-5FAA72F481D9}.AppStore|iPhone.ActiveCfg = Release|Any CPU
		{B46A2421-4180-40A6-8E21-5FAA72F481D9}.AppStore|iPhone.Build.0 = Release|Any CPU
		{B46A2421-4180-40A6-8E21-5FAA72F481D9}.AppStore|iPhone.Deploy.0 = Release|Any CPU
		{B46A2421-4180-40A6-8E21-5FAA72F481D9}.AppStore|iPhoneSimulator.ActiveCfg = Release|Any CPU
		{B46A2421-4180-40A6-8E21-5FAA72F481D9}.AppStore|iPhoneSimulator.Build.0 = Release|Any CPU
		{B46A2421-4180-40A6-8E21-5FAA72F481D9}.AppStore|iPhoneSimulator.Deploy.0 = Release|Any CPU
		{B46A2421-4180-40A6-8E21-5FAA72F481D9}.Debug|Any CPU.ActiveCfg = Debug|Any CPU
		{B46A2421-4180-40A6-8E21-5FAA72F481D9}.Debug|Any CPU.Build.0 = Debug|Any CPU
		{B46A2421-4180-40A6-8E21-5FAA72F481D9}.Debug|Any CPU.Deploy.0 = Debug|Any CPU
		{B46A2421-4180-40A6-8E21-5FAA72F481D9}.Debug|iPhone.ActiveCfg = Debug|Any CPU
		{B46A2421-4180-40A6-8E21-5FAA72F481D9}.Debug|iPhone.Build.0 = Debug|Any CPU
		{B46A2421-4180-40A6-8E21-5FAA72F481D9}.Debug|iPhone.Deploy.0 = Debug|Any CPU
		{B46A2421-4180-40A6-8E21-5FAA72F481D9}.Debug|iPhoneSimulator.ActiveCfg = Debug|Any CPU
		{B46A2421-4180-40A6-8E21-5FAA72F481D9}.Debug|iPhoneSimulator.Build.0 = Debug|Any CPU
		{B46A2421-4180-40A6-8E21-5FAA72F481D9}.Debug|iPhoneSimulator.Deploy.0 = Debug|Any CPU
		{B46A2421-4180-40A6-8E21-5FAA72F481D9}.Release|Any CPU.ActiveCfg = Release|Any CPU
		{B46A2421-4180-40A6-8E21-5FAA72F481D9}.Release|Any CPU.Build.0 = Release|Any CPU
		{B46A2421-4180-40A6-8E21-5FAA72F481D9}.Release|Any CPU.Deploy.0 = Release|Any CPU
		{B46A2421-4180-40A6-8E21-5FAA72F481D9}.Release|iPhone.ActiveCfg = Release|Any CPU
		{B46A2421-4180-40A6-8E21-5FAA72F481D9}.Release|iPhone.Build.0 = Release|Any CPU
		{B46A2421-4180-40A6-8E21-5FAA72F481D9}.Release|iPhone.Deploy.0 = Release|Any CPU
		{B46A2421-4180-40A6-8E21-5FAA72F481D9}.Release|iPhoneSimulator.ActiveCfg = Release|Any CPU
		{B46A2421-4180-40A6-8E21-5FAA72F481D9}.Release|iPhoneSimulator.Build.0 = Release|Any CPU
		{B46A2421-4180-40A6-8E21-5FAA72F481D9}.Release|iPhoneSimulator.Deploy.0 = Release|Any CPU
		{A6AF4262-DE3B-44C4-914A-7927C887AA0B}.Ad-Hoc|Any CPU.ActiveCfg = Ad-Hoc|iPhone
		{A6AF4262-DE3B-44C4-914A-7927C887AA0B}.Ad-Hoc|iPhone.ActiveCfg = Ad-Hoc|iPhone
		{A6AF4262-DE3B-44C4-914A-7927C887AA0B}.Ad-Hoc|iPhone.Build.0 = Ad-Hoc|iPhone
		{A6AF4262-DE3B-44C4-914A-7927C887AA0B}.Ad-Hoc|iPhoneSimulator.ActiveCfg = Ad-Hoc|iPhoneSimulator
		{A6AF4262-DE3B-44C4-914A-7927C887AA0B}.Ad-Hoc|iPhoneSimulator.Build.0 = Ad-Hoc|iPhoneSimulator
		{A6AF4262-DE3B-44C4-914A-7927C887AA0B}.AppStore|Any CPU.ActiveCfg = AppStore|iPhone
		{A6AF4262-DE3B-44C4-914A-7927C887AA0B}.AppStore|iPhone.ActiveCfg = AppStore|iPhone
		{A6AF4262-DE3B-44C4-914A-7927C887AA0B}.AppStore|iPhone.Build.0 = AppStore|iPhone
		{A6AF4262-DE3B-44C4-914A-7927C887AA0B}.AppStore|iPhoneSimulator.ActiveCfg = AppStore|iPhoneSimulator
		{A6AF4262-DE3B-44C4-914A-7927C887AA0B}.AppStore|iPhoneSimulator.Build.0 = AppStore|iPhoneSimulator
		{A6AF4262-DE3B-44C4-914A-7927C887AA0B}.Debug|Any CPU.ActiveCfg = Debug|iPhone
		{A6AF4262-DE3B-44C4-914A-7927C887AA0B}.Debug|iPhone.ActiveCfg = Debug|iPhone
		{A6AF4262-DE3B-44C4-914A-7927C887AA0B}.Debug|iPhone.Build.0 = Debug|iPhone
		{A6AF4262-DE3B-44C4-914A-7927C887AA0B}.Debug|iPhoneSimulator.ActiveCfg = Debug|iPhoneSimulator
		{A6AF4262-DE3B-44C4-914A-7927C887AA0B}.Debug|iPhoneSimulator.Build.0 = Debug|iPhoneSimulator
		{A6AF4262-DE3B-44C4-914A-7927C887AA0B}.Release|Any CPU.ActiveCfg = Release|iPhone
		{A6AF4262-DE3B-44C4-914A-7927C887AA0B}.Release|iPhone.ActiveCfg = Release|iPhone
		{A6AF4262-DE3B-44C4-914A-7927C887AA0B}.Release|iPhone.Build.0 = Release|iPhone
		{A6AF4262-DE3B-44C4-914A-7927C887AA0B}.Release|iPhoneSimulator.ActiveCfg = Release|iPhoneSimulator
		{A6AF4262-DE3B-44C4-914A-7927C887AA0B}.Release|iPhoneSimulator.Build.0 = Release|iPhoneSimulator
		{F8C52B22-3AC6-4E7E-8E2B-79481EE3BCAB}.Ad-Hoc|Any CPU.ActiveCfg = Debug|Any CPU
		{F8C52B22-3AC6-4E7E-8E2B-79481EE3BCAB}.Ad-Hoc|Any CPU.Build.0 = Debug|Any CPU
		{F8C52B22-3AC6-4E7E-8E2B-79481EE3BCAB}.Ad-Hoc|iPhone.ActiveCfg = Debug|Any CPU
		{F8C52B22-3AC6-4E7E-8E2B-79481EE3BCAB}.Ad-Hoc|iPhone.Build.0 = Debug|Any CPU
		{F8C52B22-3AC6-4E7E-8E2B-79481EE3BCAB}.Ad-Hoc|iPhoneSimulator.ActiveCfg = Debug|Any CPU
		{F8C52B22-3AC6-4E7E-8E2B-79481EE3BCAB}.Ad-Hoc|iPhoneSimulator.Build.0 = Debug|Any CPU
		{F8C52B22-3AC6-4E7E-8E2B-79481EE3BCAB}.AppStore|Any CPU.ActiveCfg = Debug|Any CPU
		{F8C52B22-3AC6-4E7E-8E2B-79481EE3BCAB}.AppStore|Any CPU.Build.0 = Debug|Any CPU
		{F8C52B22-3AC6-4E7E-8E2B-79481EE3BCAB}.AppStore|iPhone.ActiveCfg = Debug|Any CPU
		{F8C52B22-3AC6-4E7E-8E2B-79481EE3BCAB}.AppStore|iPhone.Build.0 = Debug|Any CPU
		{F8C52B22-3AC6-4E7E-8E2B-79481EE3BCAB}.AppStore|iPhoneSimulator.ActiveCfg = Debug|Any CPU
		{F8C52B22-3AC6-4E7E-8E2B-79481EE3BCAB}.AppStore|iPhoneSimulator.Build.0 = Debug|Any CPU
		{F8C52B22-3AC6-4E7E-8E2B-79481EE3BCAB}.Debug|Any CPU.ActiveCfg = Debug|Any CPU
		{F8C52B22-3AC6-4E7E-8E2B-79481EE3BCAB}.Debug|Any CPU.Build.0 = Debug|Any CPU
		{F8C52B22-3AC6-4E7E-8E2B-79481EE3BCAB}.Debug|iPhone.ActiveCfg = Debug|Any CPU
		{F8C52B22-3AC6-4E7E-8E2B-79481EE3BCAB}.Debug|iPhone.Build.0 = Debug|Any CPU
		{F8C52B22-3AC6-4E7E-8E2B-79481EE3BCAB}.Debug|iPhoneSimulator.ActiveCfg = Debug|Any CPU
		{F8C52B22-3AC6-4E7E-8E2B-79481EE3BCAB}.Debug|iPhoneSimulator.Build.0 = Debug|Any CPU
		{F8C52B22-3AC6-4E7E-8E2B-79481EE3BCAB}.Release|Any CPU.ActiveCfg = Release|Any CPU
		{F8C52B22-3AC6-4E7E-8E2B-79481EE3BCAB}.Release|Any CPU.Build.0 = Release|Any CPU
		{F8C52B22-3AC6-4E7E-8E2B-79481EE3BCAB}.Release|iPhone.ActiveCfg = Release|Any CPU
		{F8C52B22-3AC6-4E7E-8E2B-79481EE3BCAB}.Release|iPhone.Build.0 = Release|Any CPU
		{F8C52B22-3AC6-4E7E-8E2B-79481EE3BCAB}.Release|iPhoneSimulator.ActiveCfg = Release|Any CPU
		{F8C52B22-3AC6-4E7E-8E2B-79481EE3BCAB}.Release|iPhoneSimulator.Build.0 = Release|Any CPU
	EndGlobalSection
	GlobalSection(SolutionProperties) = preSolution
		HideSolutionNode = FALSE
	EndGlobalSection
	GlobalSection(ExtensibilityGlobals) = postSolution
		SolutionGuid = {FA6E0BB4-5E8F-4C81-A699-9F62E0D17BEF}
	EndGlobalSection
EndGlobal
